<?xml version="1.0" encoding="utf-8"?>
<Project ToolsVersion="4.0" xmlns="http://schemas.microsoft.com/developer/msbuild/2003">
  <ItemGroup>
    <Filter Include="Source Files">
      <UniqueIdentifier>{9c0908cd-a93b-4e0d-a72f-3e3766f51b07}</UniqueIdentifier>
    </Filter>
    <Filter Include="Header Files">
      <UniqueIdentifier>{c92ea2d2-6fef-4df6-9103-5d0beee00834}</UniqueIdentifier>
    </Filter>
  </ItemGroup>
  <ItemGroup>
    <ClCompile Include="src\OgreNewt_BasicJoints.cpp">
      <Filter>Source Files</Filter>
    </ClCompile>
    <ClCompile Include="src\OgreNewt_Body.cpp">
      <Filter>Source Files</Filter>
    </ClCompile>
    <ClCompile Include="src\OgreNewt_BodyInAABBIterator.cpp">
      <Filter>Source Files</Filter>
    </ClCompile>
    <ClCompile Include="src\OgreNewt_Collision.cpp">
      <Filter>Source Files</Filter>
    </ClCompile>
    <ClCompile Include="src\OgreNewt_CollisionPrimitives.cpp">
      <Filter>Source Files</Filter>
    </ClCompile>
    <ClCompile Include="src\OgreNewt_CollisionSerializer.cpp">
      <Filter>Source Files</Filter>
    </ClCompile>
    <ClCompile Include="src\OgreNewt_ContactCallback.cpp">
      <Filter>Source Files</Filter>
    </ClCompile>
    <ClCompile Include="src\OgreNewt_ContactJoint.cpp">
      <Filter>Source Files</Filter>
    </ClCompile>
    <ClCompile Include="src\OgreNewt_Debugger.cpp">
      <Filter>Source Files</Filter>
    </ClCompile>
    <ClCompile Include="src\OgreNewt_Joint.cpp">
      <Filter>Source Files</Filter>
    </ClCompile>
    <ClCompile Include="src\OgreNewt_MaterialID.cpp">
      <Filter>Source Files</Filter>
    </ClCompile>
    <ClCompile Include="src\OgreNewt_MaterialPair.cpp">
      <Filter>Source Files</Filter>
    </ClCompile>
    <ClCompile Include="src\OgreNewt_PlayerController.cpp">
      <Filter>Source Files</Filter>
    </ClCompile>
    <ClCompile Include="src\OgreNewt_RayCast.cpp">
      <Filter>Source Files</Filter>
    </ClCompile>
    <ClCompile Include="src\OgreNewt_Tools.cpp">
      <Filter>Source Files</Filter>
    </ClCompile>
    <ClCompile Include="src\OgreNewt_Vehicle.cpp">
      <Filter>Source Files</Filter>
    </ClCompile>
    <ClCompile Include="src\OgreNewt_World.cpp">
      <Filter>Source Files</Filter>
    </ClCompile>
  </ItemGroup>
  <ItemGroup>
    <ClInclude Include="inc\OgreNewt.h">
      <Filter>Header Files</Filter>
    </ClInclude>
    <ClInclude Include="inc\OgreNewt_BasicFrameListener.h">
      <Filter>Header Files</Filter>
    </ClInclude>
    <ClInclude Include="inc\OgreNewt_BasicJoints.h">
      <Filter>Header Files</Filter>
    </ClInclude>
    <ClInclude Include="inc\OgreNewt_Body.h">
      <Filter>Header Files</Filter>
    </ClInclude>
    <ClInclude Include="inc\OgreNewt_BodyInAABBIterator.h">
      <Filter>Header Files</Filter>
    </ClInclude>
    <ClInclude Include="inc\OgreNewt_Collision.h">
      <Filter>Header Files</Filter>
    </ClInclude>
    <ClInclude Include="inc\OgreNewt_CollisionPrimitives.h">
      <Filter>Header Files</Filter>
    </ClInclude>
    <ClInclude Include="inc\OgreNewt_CollisionSerializer.h">
      <Filter>Header Files</Filter>
    </ClInclude>
    <ClInclude Include="inc\OgreNewt_ContactCallback.h">
      <Filter>Header Files</Filter>
    </ClInclude>
    <ClInclude Include="inc\OgreNewt_ContactJoint.h">
      <Filter>Header Files</Filter>
    </ClInclude>
    <ClInclude Include="inc\OgreNewt_Debugger.h">
      <Filter>Header Files</Filter>
    </ClInclude>
    <ClInclude Include="inc\OgreNewt_Joint.h">
      <Filter>Header Files</Filter>
    </ClInclude>
    <ClInclude Include="inc\OgreNewt_MaterialID.h">
      <Filter>Header Files</Filter>
    </ClInclude>
    <ClInclude Include="inc\OgreNewt_MaterialPair.h">
      <Filter>Header Files</Filter>
    </ClInclude>
    <ClInclude Include="inc\OgreNewt_PlayerController.h">
      <Filter>Header Files</Filter>
    </ClInclude>
    <ClInclude Include="inc\OgreNewt_Prerequisites.h">
      <Filter>Header Files</Filter>
    </ClInclude>
    <ClInclude Include="inc\OgreNewt_RayCast.h">
      <Filter>Header Files</Filter>
    </ClInclude>
    <ClInclude Include="inc\OgreNewt_Tools.h">
      <Filter>Header Files</Filter>
    </ClInclude>
    <ClInclude Include="inc\OgreNewt_Vehicle.h">
      <Filter>Header Files</Filter>
    </ClInclude>
    <ClInclude Include="inc\OgreNewt_World.h">
      <Filter>Header Files</Filter>
    </ClInclude>
  </ItemGroup>
</Project>